
Microsoft Visual Studio Solution File, Format Version 12.00
# Visual Studio Version 16
VisualStudioVersion = 16.0.31402.337
MinimumVisualStudioVersion = 10.0.40219.1
Project("{FAE04EC0-301F-11D3-BF4B-00C04F79EFBC}") = "Taller mecanico 1", "Taller mecanico 1\Taller mecanico 1.csproj", "{CF39E0B5-6F4D-4A78-9556-660A4F1CF1C1}"
EndProject
Global
	GlobalSection(SolutionConfigurationPlatforms) = preSolution
		Debug|Any CPU = Debug|Any CPU
		Release|Any CPU = Release|Any CPU
	EndGlobalSection
	GlobalSection(ProjectConfigurationPlatforms) = postSolution
		{CF39E0B5-6F4D-4A78-9556-660A4F1CF1C1}.Debug|Any CPU.ActiveCfg = Debug|Any CPU
		{CF39E0B5-6F4D-4A78-9556-660A4F1CF1C1}.Debug|Any CPU.Build.0 = Debug|Any CPU
		{CF39E0B5-6F4D-4A78-9556-660A4F1CF1C1}.Release|Any CPU.ActiveCfg = Release|Any CPU
		{CF39E0B5-6F4D-4A78-9556-660A4F1CF1C1}.Release|Any CPU.Build.0 = Release|Any CPU
	EndGlobalSection
	GlobalSection(SolutionProperties) = preSolution
		HideSolutionNode = FALSE
	EndGlobalSection
	GlobalSection(ExtensibilityGlobals) = postSolution
		SolutionGuid = {8AC213B6-5B07-45FD-B454-14089834CAA5}
	EndGlobalSection
EndGlobal
